
Microsoft Visual Studio Solution File, Format Version 12.00
# Visual Studio 2015
Project("{FAE04EC0-301F-11D3-BF4B-00C04F79EFBC}") = "Unity_SerialPort.CSharp", "Unity_SerialPort.CSharp.csproj", "{493C3D1F-4646-F8DF-0E05-65502C5E16A9}"
EndProject
Global
	GlobalSection(SolutionConfigurationPlatforms) = preSolution
		Debug|Any CPU = Debug|Any CPU
		Release|Any CPU = Release|Any CPU
	EndGlobalSection
	GlobalSection(ProjectConfigurationPlatforms) = postSolution
		{493C3D1F-4646-F8DF-0E05-65502C5E16A9}.Debug|Any CPU.ActiveCfg = Debug|Any CPU
		{493C3D1F-4646-F8DF-0E05-65502C5E16A9}.Debug|Any CPU.Build.0 = Debug|Any CPU
		{493C3D1F-4646-F8DF-0E05-65502C5E16A9}.Release|Any CPU.ActiveCfg = Release|Any CPU
		{493C3D1F-4646-F8DF-0E05-65502C5E16A9}.Release|Any CPU.Build.0 = Release|Any CPU
	EndGlobalSection
	GlobalSection(SolutionProperties) = preSolution
		HideSolutionNode = FALSE
	EndGlobalSection
EndGlobal
